
Microsoft Visual Studio Solution File, Format Version 12.00
# Visual Studio Version 16
VisualStudioVersion = 16.0.30114.105
MinimumVisualStudioVersion = 10.0.40219.1
Project("{FAE04EC0-301F-11D3-BF4B-00C04F79EFBC}") = "SharpDownloader.API", "SharpDownloader.API\SharpDownloader.API.csproj", "{757210B1-1D0A-4FD3-8F54-FDFC18651B09}"
EndProject
Project("{FAE04EC0-301F-11D3-BF4B-00C04F79EFBC}") = "SharpDownloader.Tests", "SharpDownloader.Tests\SharpDownloader.Tests.csproj", "{0AF18C8E-7144-4AD6-9CB1-46FEBD0DB484}"
EndProject
Project("{FAE04EC0-301F-11D3-BF4B-00C04F79EFBC}") = "SharpDownloader.Downloader", "SharpDownloader.Downloader\SharpDownloader.Downloader.csproj", "{BB3E0F08-4AA3-48E7-B27F-9751C2CE02C2}"
EndProject
Global
	GlobalSection(SolutionConfigurationPlatforms) = preSolution
		Debug|Any CPU = Debug|Any CPU
		Debug|x64 = Debug|x64
		Debug|x86 = Debug|x86
		Release|Any CPU = Release|Any CPU
		Release|x64 = Release|x64
		Release|x86 = Release|x86
	EndGlobalSection
	GlobalSection(SolutionProperties) = preSolution
		HideSolutionNode = FALSE
	EndGlobalSection
	GlobalSection(ProjectConfigurationPlatforms) = postSolution
		{757210B1-1D0A-4FD3-8F54-FDFC18651B09}.Debug|Any CPU.ActiveCfg = Debug|Any CPU
		{757210B1-1D0A-4FD3-8F54-FDFC18651B09}.Debug|Any CPU.Build.0 = Debug|Any CPU
		{757210B1-1D0A-4FD3-8F54-FDFC18651B09}.Debug|x64.ActiveCfg = Debug|Any CPU
		{757210B1-1D0A-4FD3-8F54-FDFC18651B09}.Debug|x64.Build.0 = Debug|Any CPU
		{757210B1-1D0A-4FD3-8F54-FDFC18651B09}.Debug|x86.ActiveCfg = Debug|Any CPU
		{757210B1-1D0A-4FD3-8F54-FDFC18651B09}.Debug|x86.Build.0 = Debug|Any CPU
		{757210B1-1D0A-4FD3-8F54-FDFC18651B09}.Release|Any CPU.ActiveCfg = Release|Any CPU
		{757210B1-1D0A-4FD3-8F54-FDFC18651B09}.Release|Any CPU.Build.0 = Release|Any CPU
		{757210B1-1D0A-4FD3-8F54-FDFC18651B09}.Release|x64.ActiveCfg = Release|Any CPU
		{757210B1-1D0A-4FD3-8F54-FDFC18651B09}.Release|x64.Build.0 = Release|Any CPU
		{757210B1-1D0A-4FD3-8F54-FDFC18651B09}.Release|x86.ActiveCfg = Release|Any CPU
		{757210B1-1D0A-4FD3-8F54-FDFC18651B09}.Release|x86.Build.0 = Release|Any CPU
		{0AF18C8E-7144-4AD6-9CB1-46FEBD0DB484}.Debug|Any CPU.ActiveCfg = Debug|Any CPU
		{0AF18C8E-7144-4AD6-9CB1-46FEBD0DB484}.Debug|Any CPU.Build.0 = Debug|Any CPU
		{0AF18C8E-7144-4AD6-9CB1-46FEBD0DB484}.Debug|x64.ActiveCfg = Debug|Any CPU
		{0AF18C8E-7144-4AD6-9CB1-46FEBD0DB484}.Debug|x64.Build.0 = Debug|Any CPU
		{0AF18C8E-7144-4AD6-9CB1-46FEBD0DB484}.Debug|x86.ActiveCfg = Debug|Any CPU
		{0AF18C8E-7144-4AD6-9CB1-46FEBD0DB484}.Debug|x86.Build.0 = Debug|Any CPU
		{0AF18C8E-7144-4AD6-9CB1-46FEBD0DB484}.Release|Any CPU.ActiveCfg = Release|Any CPU
		{0AF18C8E-7144-4AD6-9CB1-46FEBD0DB484}.Release|Any CPU.Build.0 = Release|Any CPU
		{0AF18C8E-7144-4AD6-9CB1-46FEBD0DB484}.Release|x64.ActiveCfg = Release|Any CPU
		{0AF18C8E-7144-4AD6-9CB1-46FEBD0DB484}.Release|x64.Build.0 = Release|Any CPU
		{0AF18C8E-7144-4AD6-9CB1-46FEBD0DB484}.Release|x86.ActiveCfg = Release|Any CPU
		{0AF18C8E-7144-4AD6-9CB1-46FEBD0DB484}.Release|x86.Build.0 = Release|Any CPU
		{BB3E0F08-4AA3-48E7-B27F-9751C2CE02C2}.Debug|Any CPU.ActiveCfg = Debug|Any CPU
		{BB3E0F08-4AA3-48E7-B27F-9751C2CE02C2}.Debug|Any CPU.Build.0 = Debug|Any CPU
		{BB3E0F08-4AA3-48E7-B27F-9751C2CE02C2}.Debug|x64.ActiveCfg = Debug|Any CPU
		{BB3E0F08-4AA3-48E7-B27F-9751C2CE02C2}.Debug|x64.Build.0 = Debug|Any CPU
		{BB3E0F08-4AA3-48E7-B27F-9751C2CE02C2}.Debug|x86.ActiveCfg = Debug|Any CPU
		{BB3E0F08-4AA3-48E7-B27F-9751C2CE02C2}.Debug|x86.Build.0 = Debug|Any CPU
		{BB3E0F08-4AA3-48E7-B27F-9751C2CE02C2}.Release|Any CPU.ActiveCfg = Release|Any CPU
		{BB3E0F08-4AA3-48E7-B27F-9751C2CE02C2}.Release|Any CPU.Build.0 = Release|Any CPU
		{BB3E0F08-4AA3-48E7-B27F-9751C2CE02C2}.Release|x64.ActiveCfg = Release|Any CPU
		{BB3E0F08-4AA3-48E7-B27F-9751C2CE02C2}.Release|x64.Build.0 = Release|Any CPU
		{BB3E0F08-4AA3-48E7-B27F-9751C2CE02C2}.Release|x86.ActiveCfg = Release|Any CPU
		{BB3E0F08-4AA3-48E7-B27F-9751C2CE02C2}.Release|x86.Build.0 = Release|Any CPU
	EndGlobalSection
EndGlobal
